{
  "version": "4",
  "specifiers": {
    "jsr:@std/testing@*": "0.225.3",
    "jsr:@std/testing@0": "0.225.3"
  },
  "jsr": {
    "@std/testing@0.225.3": {
      "integrity": "348c24d0479d44ab3dbb4f26170f242e19f24051b45935d4a9e7ca0ab7e37780"
    }
  },
  "workspace": {
    "dependencies": [
      "jsr:@std/testing@0"
    ]
  }
}
